
Microsoft Visual Studio Solution File, Format Version 12.00
# Visual Studio Version 17
VisualStudioVersion = 17.9.34723.18
MinimumVisualStudioVersion = 10.0.40219.1
Project("{FAE04EC0-301F-11D3-BF4B-00C04F79EFBC}") = "RapidBlogApi", "RapidBlogApi\RapidBlogApi.csproj", "{FEED6200-B2F1-43DA-91C0-D3BE6814377A}"
EndProject
Project("{FAE04EC0-301F-11D3-BF4B-00C04F79EFBC}") = "BusinessLayer", "BusinessLayer\BusinessLayer.csproj", "{7D54B97B-0306-4571-9D88-2C3D4170F7D1}"
EndProject
Project("{FAE04EC0-301F-11D3-BF4B-00C04F79EFBC}") = "DataAccessLayer", "DataAccessLayer\DataAccessLayer.csproj", "{C5EFCF39-C71B-4BF9-A60F-ACD4A7B98558}"
EndProject
Global
	GlobalSection(SolutionConfigurationPlatforms) = preSolution
		Debug|Any CPU = Debug|Any CPU
		Release|Any CPU = Release|Any CPU
	EndGlobalSection
	GlobalSection(ProjectConfigurationPlatforms) = postSolution
		{FEED6200-B2F1-43DA-91C0-D3BE6814377A}.Debug|Any CPU.ActiveCfg = Debug|Any CPU
		{FEED6200-B2F1-43DA-91C0-D3BE6814377A}.Debug|Any CPU.Build.0 = Debug|Any CPU
		{FEED6200-B2F1-43DA-91C0-D3BE6814377A}.Release|Any CPU.ActiveCfg = Release|Any CPU
		{FEED6200-B2F1-43DA-91C0-D3BE6814377A}.Release|Any CPU.Build.0 = Release|Any CPU
		{7D54B97B-0306-4571-9D88-2C3D4170F7D1}.Debug|Any CPU.ActiveCfg = Debug|Any CPU
		{7D54B97B-0306-4571-9D88-2C3D4170F7D1}.Debug|Any CPU.Build.0 = Debug|Any CPU
		{7D54B97B-0306-4571-9D88-2C3D4170F7D1}.Release|Any CPU.ActiveCfg = Release|Any CPU
		{7D54B97B-0306-4571-9D88-2C3D4170F7D1}.Release|Any CPU.Build.0 = Release|Any CPU
		{C5EFCF39-C71B-4BF9-A60F-ACD4A7B98558}.Debug|Any CPU.ActiveCfg = Debug|Any CPU
		{C5EFCF39-C71B-4BF9-A60F-ACD4A7B98558}.Debug|Any CPU.Build.0 = Debug|Any CPU
		{C5EFCF39-C71B-4BF9-A60F-ACD4A7B98558}.Release|Any CPU.ActiveCfg = Release|Any CPU
		{C5EFCF39-C71B-4BF9-A60F-ACD4A7B98558}.Release|Any CPU.Build.0 = Release|Any CPU
	EndGlobalSection
	GlobalSection(SolutionProperties) = preSolution
		HideSolutionNode = FALSE
	EndGlobalSection
	GlobalSection(ExtensibilityGlobals) = postSolution
		SolutionGuid = {6703C36E-87AB-440D-BB63-E68CE76710BD}
	EndGlobalSection
EndGlobal
